{
  "name": "mydubottemplate",
  "version": "1.0.0",
  "lockfileVersion": 3,
  "requires": true,
  "packages": {
    "": {
      "name": "mydubottemplate",
      "version": "1.0.0",
      "license": "ISC",
      "dependencies": {
        "@sapphire/framework": "^5.2.1",
        "pg": "^8.13.1"
      }
    },
    "node_modules/@discordjs/builders": {
      "version": "1.9.0",
      "resolved": "https://registry.npmjs.org/@discordjs/builders/-/builders-1.9.0.tgz",
      "integrity": "sha512-0zx8DePNVvQibh5ly5kCEei5wtPBIUbSoE9n+91Rlladz4tgtFbJ36PZMxxZrTEOQ7AHMZ/b0crT/0fCy6FTKg==",
      "dependencies": {
        "@discordjs/formatters": "^0.5.0",
        "@discordjs/util": "^1.1.1",
        "@sapphire/shapeshift": "^4.0.0",
        "discord-api-types": "0.37.97",
        "fast-deep-equal": "^3.1.3",
        "ts-mixer": "^6.0.4",
        "tslib": "^2.6.3"
      },
      "engines": {
        "node": ">=18"
      },
      "funding": {
        "url": "https://github.com/discordjs/discord.js?sponsor"
      }
    },
    "node_modules/@discordjs/collection": {
      "version": "1.5.3",
      "resolved": "https://registry.npmjs.org/@discordjs/collection/-/collection-1.5.3.tgz",
      "integrity": "sha512-SVb428OMd3WO1paV3rm6tSjM4wC+Kecaa1EUGX7vc6/fddvw/6lg90z4QtCqm21zvVe92vMMDt9+DkIvjXImQQ==",
      "engines": {
        "node": ">=16.11.0"
      }
    },
    "node_modules/@discordjs/formatters": {
      "version": "0.5.0",
      "resolved": "https://registry.npmjs.org/@discordjs/formatters/-/formatters-0.5.0.tgz",
      "integrity": "sha512-98b3i+Y19RFq1Xke4NkVY46x8KjJQjldHUuEbCqMvp1F5Iq9HgnGpu91jOi/Ufazhty32eRsKnnzS8n4c+L93g==",
      "dependencies": {
        "discord-api-types": "0.37.97"
      },
      "engines": {
        "node": ">=18"
      },
      "funding": {
        "url": "https://github.com/discordjs/discord.js?sponsor"
      }
    },
    "node_modules/@discordjs/util": {
      "version": "1.1.1",
      "resolved": "https://registry.npmjs.org/@discordjs/util/-/util-1.1.1.tgz",
      "integrity": "sha512-eddz6UnOBEB1oITPinyrB2Pttej49M9FZQY8NxgEvc3tq6ZICZ19m70RsmzRdDHk80O9NoYN/25AqJl8vPVf/g==",
      "engines": {
        "node": ">=18"
      },
      "funding": {
        "url": "https://github.com/discordjs/discord.js?sponsor"
      }
    },
    "node_modules/@sapphire/discord-utilities": {
      "version": "3.4.1",
      "resolved": "https://registry.npmjs.org/@sapphire/discord-utilities/-/discord-utilities-3.4.1.tgz",
      "integrity": "sha512-DmBrle7uorAJUoh1mJo6aZ5pVjVnAOt9n5DXcZRN3ZWlu28cz0g3X6JYdwjAFdvBHlJIt9nobVPDMNDLUg6O4Q==",
      "dependencies": {
        "discord-api-types": "^0.37.98"
      },
      "engines": {
        "node": ">=v14.0.0",
        "npm": ">=7.0.0"
      }
    },
    "node_modules/@sapphire/discord-utilities/node_modules/discord-api-types": {
      "version": "0.37.103",
      "resolved": "https://registry.npmjs.org/discord-api-types/-/discord-api-types-0.37.103.tgz",
      "integrity": "sha512-r+qitxXKe2l6KFw5odPdZSSqdEou+7eNC7BfbZ7mny5Me/K06wCTeKUMVeH/YsI9+4QQudskeQ307kr/7ppQ1A=="
    },
    "node_modules/@sapphire/discord.js-utilities": {
      "version": "7.3.0",
      "resolved": "https://registry.npmjs.org/@sapphire/discord.js-utilities/-/discord.js-utilities-7.3.0.tgz",
      "integrity": "sha512-SOacsoV8eqPz0YqyXwNNZChNhz09QEhTrrGm+rnG+xZbglODtnoYmEgmLIemr2t6eyxPRerwhakacfyNYGapVg==",
      "dependencies": {
        "@sapphire/discord-utilities": "^3.3.0",
        "@sapphire/duration": "^1.1.2",
        "@sapphire/utilities": "^3.16.2",
        "tslib": "^2.6.2"
      },
      "engines": {
        "node": ">=16.6.0",
        "npm": ">=7.0.0"
      }
    },
    "node_modules/@sapphire/duration": {
      "version": "1.1.2",
      "resolved": "https://registry.npmjs.org/@sapphire/duration/-/duration-1.1.2.tgz",
      "integrity": "sha512-m+DpXedUHdnH3rM6P9Hiyb9dpdXKb8WeTAVIug0QuN8tarQedbymbOor+UFmBfCbKOkoW9HvGK10xDwDvSfKrw==",
      "engines": {
        "node": ">=v14.0.0",
        "npm": ">=7.0.0"
      }
    },
    "node_modules/@sapphire/framework": {
      "version": "5.2.1",
      "resolved": "https://registry.npmjs.org/@sapphire/framework/-/framework-5.2.1.tgz",
      "integrity": "sha512-47V3BPe3On3SB+Mbdb4eWPnKfNKV5Js1rLUyt+74WUY+MsS2Utja6Y26gswqk+GW3jqiX67tWTnIK3els+PVsw==",
      "dependencies": {
        "@discordjs/builders": "^1.8.1",
        "@sapphire/discord-utilities": "^3.2.3",
        "@sapphire/discord.js-utilities": "^7.2.0",
        "@sapphire/lexure": "^1.1.7",
        "@sapphire/pieces": "^4.2.2",
        "@sapphire/ratelimits": "^2.4.9",
        "@sapphire/result": "^2.6.6",
        "@sapphire/stopwatch": "^1.5.2",
        "@sapphire/utilities": "^3.15.3"
      },
      "engines": {
        "node": ">=v18",
        "npm": ">=7"
      }
    },
    "node_modules/@sapphire/lexure": {
      "version": "1.1.7",
      "resolved": "https://registry.npmjs.org/@sapphire/lexure/-/lexure-1.1.7.tgz",
      "integrity": "sha512-6PqU2/V+w1k4DHbZ8erIH+iaT/kAmLfReiWNUURt1akfrPTWqlVYWfuxkHXF0JMPk53r4NIkZoitiWwGUtPF+Q==",
      "dependencies": {
        "@sapphire/result": "^2.6.6"
      },
      "engines": {
        "node": ">=v14.0.0",
        "npm": ">=7.0.0"
      }
    },
    "node_modules/@sapphire/pieces": {
      "version": "4.3.1",
      "resolved": "https://registry.npmjs.org/@sapphire/pieces/-/pieces-4.3.1.tgz",
      "integrity": "sha512-t42o6i8gPQ3QISIsMl463hj057yfyHsaSrs4FssdiGLmnvL9cuLGLTsjGEPn904wHUhPzS8W5aAPr788RK2/jQ==",
      "dependencies": {
        "@discordjs/collection": "^1.5.3",
        "@sapphire/utilities": "^3.16.2",
        "tslib": "^2.6.3"
      },
      "engines": {
        "node": ">=v14.0.0",
        "npm": ">=7.0.0"
      }
    },
    "node_modules/@sapphire/ratelimits": {
      "version": "2.4.9",
      "resolved": "https://registry.npmjs.org/@sapphire/ratelimits/-/ratelimits-2.4.9.tgz",
      "integrity": "sha512-eEE385IrFsD90gg696MWNqbeDjo1ZgtBvL66BezIwJEwDguhLP5AVsBsT4uCacX/92aeHl8i2nVvtusIBXZNSg==",
      "engines": {
        "node": ">=v14.0.0",
        "npm": ">=7.0.0"
      }
    },
    "node_modules/@sapphire/result": {
      "version": "2.6.6",
      "resolved": "https://registry.npmjs.org/@sapphire/result/-/result-2.6.6.tgz",
      "integrity": "sha512-QCjj7X/QlY0QUCeAaZQmnrsMH/b2BMQYee3F1Y5iF17JagUQqO3KZlG7vfXWQU3SRAJX5OgZZynBjixUH+nNGg==",
      "engines": {
        "node": ">=v14.0.0",
        "npm": ">=7.0.0"
      }
    },
    "node_modules/@sapphire/shapeshift": {
      "version": "4.0.0",
      "resolved": "https://registry.npmjs.org/@sapphire/shapeshift/-/shapeshift-4.0.0.tgz",
      "integrity": "sha512-d9dUmWVA7MMiKobL3VpLF8P2aeanRTu6ypG2OIaEv/ZHH/SUQ2iHOVyi5wAPjQ+HmnMuL0whK9ez8I/raWbtIg==",
      "dependencies": {
        "fast-deep-equal": "^3.1.3",
        "lodash": "^4.17.21"
      },
      "engines": {
        "node": ">=v16"
      }
    },
    "node_modules/@sapphire/stopwatch": {
      "version": "1.5.2",
      "resolved": "https://registry.npmjs.org/@sapphire/stopwatch/-/stopwatch-1.5.2.tgz",
      "integrity": "sha512-FrR1GnaEIuXpEfnaz7DjNgoN/Cp8dJ5XFgb8CxXTCAJi8LYk0YsyGSdmmcs9R3ZNZrA1vOSv0dFVLitgiVA36Q==",
      "dependencies": {
        "tslib": "^2.6.2"
      },
      "engines": {
        "node": ">=v14.0.0",
        "npm": ">=7.0.0"
      }
    },
    "node_modules/@sapphire/utilities": {
      "version": "3.17.0",
      "resolved": "https://registry.npmjs.org/@sapphire/utilities/-/utilities-3.17.0.tgz",
      "integrity": "sha512-bbqjnKKrCgyT0C3+KOjIBzE6z6/v764EFuV7Uxw9WeIdkqGhwepl6tuNEzgiek/JdtEcODaPeX0K1aCt53yCcA==",
      "engines": {
        "node": ">=v14.0.0"
      }
    },
    "node_modules/discord-api-types": {
      "version": "0.37.97",
      "resolved": "https://registry.npmjs.org/discord-api-types/-/discord-api-types-0.37.97.tgz",
      "integrity": "sha512-No1BXPcVkyVD4ZVmbNgDKaBoqgeQ+FJpzZ8wqHkfmBnTZig1FcH3iPPersiK1TUIAzgClh2IvOuVUYfcWLQAOA=="
    },
    "node_modules/fast-deep-equal": {
      "version": "3.1.3",
      "resolved": "https://registry.npmjs.org/fast-deep-equal/-/fast-deep-equal-3.1.3.tgz",
      "integrity": "sha512-f3qQ9oQy9j2AhBe/H9VC91wLmKBCCU/gDOnKNAYG5hswO7BLKj09Hc5HYNz9cGI++xlpDCIgDaitVs03ATR84Q=="
    },
    "node_modules/lodash": {
      "version": "4.17.21",
      "resolved": "https://registry.npmjs.org/lodash/-/lodash-4.17.21.tgz",
      "integrity": "sha512-v2kDEe57lecTulaDIuNTPy3Ry4gLGJ6Z1O3vE1krgXZNrsQ+LFTGHVxVjcXPs17LhbZVGedAJv8XZ1tvj5FvSg=="
    },
    "node_modules/pg": {
      "version": "8.13.1",
      "resolved": "https://registry.npmjs.org/pg/-/pg-8.13.1.tgz",
      "integrity": "sha512-OUir1A0rPNZlX//c7ksiu7crsGZTKSOXJPgtNiHGIlC9H0lO+NC6ZDYksSgBYY/thSWhnSRBv8w1lieNNGATNQ==",
      "dependencies": {
        "pg-connection-string": "^2.7.0",
        "pg-pool": "^3.7.0",
        "pg-protocol": "^1.7.0",
        "pg-types": "^2.1.0",
        "pgpass": "1.x"
      },
      "engines": {
        "node": ">= 8.0.0"
      },
      "optionalDependencies": {
        "pg-cloudflare": "^1.1.1"
      },
      "peerDependencies": {
        "pg-native": ">=3.0.1"
      },
      "peerDependenciesMeta": {
        "pg-native": {
          "optional": true
        }
      }
    },
    "node_modules/pg-cloudflare": {
      "version": "1.1.1",
      "resolved": "https://registry.npmjs.org/pg-cloudflare/-/pg-cloudflare-1.1.1.tgz",
      "integrity": "sha512-xWPagP/4B6BgFO+EKz3JONXv3YDgvkbVrGw2mTo3D6tVDQRh1e7cqVGvyR3BE+eQgAvx1XhW/iEASj4/jCWl3Q==",
      "optional": true
    },
    "node_modules/pg-connection-string": {
      "version": "2.7.0",
      "resolved": "https://registry.npmjs.org/pg-connection-string/-/pg-connection-string-2.7.0.tgz",
      "integrity": "sha512-PI2W9mv53rXJQEOb8xNR8lH7Hr+EKa6oJa38zsK0S/ky2er16ios1wLKhZyxzD7jUReiWokc9WK5nxSnC7W1TA=="
    },
    "node_modules/pg-int8": {
      "version": "1.0.1",
      "resolved": "https://registry.npmjs.org/pg-int8/-/pg-int8-1.0.1.tgz",
      "integrity": "sha512-WCtabS6t3c8SkpDBUlb1kjOs7l66xsGdKpIPZsg4wR+B3+u9UAum2odSsF9tnvxg80h4ZxLWMy4pRjOsFIqQpw==",
      "engines": {
        "node": ">=4.0.0"
      }
    },
    "node_modules/pg-pool": {
      "version": "3.7.0",
      "resolved": "https://registry.npmjs.org/pg-pool/-/pg-pool-3.7.0.tgz",
      "integrity": "sha512-ZOBQForurqh4zZWjrgSwwAtzJ7QiRX0ovFkZr2klsen3Nm0aoh33Ls0fzfv3imeH/nw/O27cjdz5kzYJfeGp/g==",
      "peerDependencies": {
        "pg": ">=8.0"
      }
    },
    "node_modules/pg-protocol": {
      "version": "1.7.0",
      "resolved": "https://registry.npmjs.org/pg-protocol/-/pg-protocol-1.7.0.tgz",
      "integrity": "sha512-hTK/mE36i8fDDhgDFjy6xNOG+LCorxLG3WO17tku+ij6sVHXh1jQUJ8hYAnRhNla4QVD2H8er/FOjc/+EgC6yQ=="
    },
    "node_modules/pg-types": {
      "version": "2.2.0",
      "resolved": "https://registry.npmjs.org/pg-types/-/pg-types-2.2.0.tgz",
      "integrity": "sha512-qTAAlrEsl8s4OiEQY69wDvcMIdQN6wdz5ojQiOy6YRMuynxenON0O5oCpJI6lshc6scgAY8qvJ2On/p+CXY0GA==",
      "dependencies": {
        "pg-int8": "1.0.1",
        "postgres-array": "~2.0.0",
        "postgres-bytea": "~1.0.0",
        "postgres-date": "~1.0.4",
        "postgres-interval": "^1.1.0"
      },
      "engines": {
        "node": ">=4"
      }
    },
    "node_modules/pgpass": {
      "version": "1.0.5",
      "resolved": "https://registry.npmjs.org/pgpass/-/pgpass-1.0.5.tgz",
      "integrity": "sha512-FdW9r/jQZhSeohs1Z3sI1yxFQNFvMcnmfuj4WBMUTxOrAyLMaTcE1aAMBiTlbMNaXvBCQuVi0R7hd8udDSP7ug==",
      "dependencies": {
        "split2": "^4.1.0"
      }
    },
    "node_modules/postgres-array": {
      "version": "2.0.0",
      "resolved": "https://registry.npmjs.org/postgres-array/-/postgres-array-2.0.0.tgz",
      "integrity": "sha512-VpZrUqU5A69eQyW2c5CA1jtLecCsN2U/bD6VilrFDWq5+5UIEVO7nazS3TEcHf1zuPYO/sqGvUvW62g86RXZuA==",
      "engines": {
        "node": ">=4"
      }
    },
    "node_modules/postgres-bytea": {
      "version": "1.0.0",
      "resolved": "https://registry.npmjs.org/postgres-bytea/-/postgres-bytea-1.0.0.tgz",
      "integrity": "sha512-xy3pmLuQqRBZBXDULy7KbaitYqLcmxigw14Q5sj8QBVLqEwXfeybIKVWiqAXTlcvdvb0+xkOtDbfQMOf4lST1w==",
      "engines": {
        "node": ">=0.10.0"
      }
    },
    "node_modules/postgres-date": {
      "version": "1.0.7",
      "resolved": "https://registry.npmjs.org/postgres-date/-/postgres-date-1.0.7.tgz",
      "integrity": "sha512-suDmjLVQg78nMK2UZ454hAG+OAW+HQPZ6n++TNDUX+L0+uUlLywnoxJKDou51Zm+zTCjrCl0Nq6J9C5hP9vK/Q==",
      "engines": {
        "node": ">=0.10.0"
      }
    },
    "node_modules/postgres-interval": {
      "version": "1.2.0",
      "resolved": "https://registry.npmjs.org/postgres-interval/-/postgres-interval-1.2.0.tgz",
      "integrity": "sha512-9ZhXKM/rw350N1ovuWHbGxnGh/SNJ4cnxHiM0rxE4VN41wsg8P8zWn9hv/buK00RP4WvlOyr/RBDiptyxVbkZQ==",
      "dependencies": {
        "xtend": "^4.0.0"
      },
      "engines": {
        "node": ">=0.10.0"
      }
    },
    "node_modules/split2": {
      "version": "4.2.0",
      "resolved": "https://registry.npmjs.org/split2/-/split2-4.2.0.tgz",
      "integrity": "sha512-UcjcJOWknrNkF6PLX83qcHM6KHgVKNkV62Y8a5uYDVv9ydGQVwAHMKqHdJje1VTWpljG0WYpCDhrCdAOYH4TWg==",
      "engines": {
        "node": ">= 10.x"
      }
    },
    "node_modules/ts-mixer": {
      "version": "6.0.4",
      "resolved": "https://registry.npmjs.org/ts-mixer/-/ts-mixer-6.0.4.tgz",
      "integrity": "sha512-ufKpbmrugz5Aou4wcr5Wc1UUFWOLhq+Fm6qa6P0w0K5Qw2yhaUoiWszhCVuNQyNwrlGiscHOmqYoAox1PtvgjA=="
    },
    "node_modules/tslib": {
      "version": "2.8.0",
      "resolved": "https://registry.npmjs.org/tslib/-/tslib-2.8.0.tgz",
      "integrity": "sha512-jWVzBLplnCmoaTr13V9dYbiQ99wvZRd0vNWaDRg+aVYRcjDF3nDksxFDE/+fkXnKhpnUUkmx5pK/v8mCtLVqZA=="
    },
    "node_modules/xtend": {
      "version": "4.0.2",
      "resolved": "https://registry.npmjs.org/xtend/-/xtend-4.0.2.tgz",
      "integrity": "sha512-LKYU1iAXJXUgAXn9URjiu+MWhyUXHsvfp7mcuYm9dSUKK0/CjtrUwFAxD82/mCWbtLsGjFIad0wIsod4zrTAEQ==",
      "engines": {
        "node": ">=0.4"
      }
    }
  }
}
